
Microsoft Visual Studio Solution File, Format Version 12.00
# Visual Studio Version 17
VisualStudioVersion = 17.2.32505.173
MinimumVisualStudioVersion = 10.0.40219.1
Project("{FAE04EC0-301F-11D3-BF4B-00C04F79EFBC}") = "WindowsFormsJava", "WindowsFormsJava\WindowsFormsJava.csproj", "{5A13F34F-A362-4A7F-95FC-67AA425D22F9}"
EndProject
Global
	GlobalSection(SolutionConfigurationPlatforms) = preSolution
		Debug|Any CPU = Debug|Any CPU
		Release|Any CPU = Release|Any CPU
	EndGlobalSection
	GlobalSection(ProjectConfigurationPlatforms) = postSolution
		{5A13F34F-A362-4A7F-95FC-67AA425D22F9}.Debug|Any CPU.ActiveCfg = Debug|Any CPU
		{5A13F34F-A362-4A7F-95FC-67AA425D22F9}.Debug|Any CPU.Build.0 = Debug|Any CPU
		{5A13F34F-A362-4A7F-95FC-67AA425D22F9}.Release|Any CPU.ActiveCfg = Release|Any CPU
		{5A13F34F-A362-4A7F-95FC-67AA425D22F9}.Release|Any CPU.Build.0 = Release|Any CPU
	EndGlobalSection
	GlobalSection(SolutionProperties) = preSolution
		HideSolutionNode = FALSE
	EndGlobalSection
	GlobalSection(ExtensibilityGlobals) = postSolution
		SolutionGuid = {603A617D-0E76-48CD-91B6-EB37D7D57B40}
	EndGlobalSection
EndGlobal
